# This file was autogenerated by Stack.
# You should not edit this file by hand.
# For more information, please see the documentation at:
#   https://docs.haskellstack.org/en/stable/topics/lock_files

packages:
- completed:
    hackage: QuickCheck-2.8.2@sha256:0a16beb2f0419af865703559747975b09c9c3204bd81271299f76e1edd0ab389,5270
    pantry-tree:
      sha256: b4bae21f1b5381bca612279182745a04860aeb245d51854786488b8eacfecb80
      size: 1298
  original:
    hackage: QuickCheck-2.8.2
- completed:
    hackage: primitive-0.6.1.0@sha256:6ec7c2455c437aba71f856b797e7db440c83719509aa63a9a3d1b4652ca3683d,1941
    pantry-tree:
      sha256: 20392469fdee1af6cd58f492fa62b1af780600bbae088884efb7f42e1d31c8d4
      size: 1054
  original:
    hackage: primitive-0.6.1.0
- completed:
    hackage: random-1.1@sha256:7b67624fd76ddf97c206de0801dc7e888097e9d572974be9b9ea6551d76965df,1777
    pantry-tree:
      sha256: 14a1b01728c5584e87c9fa00746a66e28ffd89dd2c0eabd334c8463953496e1b
      size: 637
  original:
    hackage: random-1.1
- completed:
    hackage: tf-random-0.5@sha256:14012837d0f0e18fdbbe3d56e67da8622ee5e20b180abce952dd50bd9f36b326,3983
    pantry-tree:
      sha256: d6483580cfea846cbf23ff1d7a67849546d5096425b6d61318a34554043b4ffb
      size: 941
  original:
    hackage: tf-random-0.5
snapshots: []
